<Solution>
  <Folder Name="/Solution Items/">
    <File Path="../.gitattributes" />
    <File Path="../readme.md" />
    <File Path="../.editorconfig" />
    <File Path="Directory.Build.props" />
    <File Path="Directory.Build.targets" />
    <File Path="Directory.Packages.props" />
    <File Path="Krilla.Native.props" />
    <File Path="Krilla.Native.targets" />
    <File Path="../global.json" />
    <File Path="mdsnippets.json" />
  </Folder>
  <Folder Name="/Rust/">
    <File Path="../rust/Cargo.toml" />
    <File Path="../rust/crates/krilla-capi/Cargo.toml" />
  </Folder>
  <Project Path="Krilla/Krilla.csproj" />
  <Project Path="Krilla.Tests/Krilla.Tests.csproj" />
  <Project Path="Krilla.Html/Krilla.Html.csproj" />
  <Project Path="Krilla.Html.Tests/Krilla.Html.Tests.csproj" />
  <Project Path="Krilla.Html.RefGen/Krilla.Html.RefGen.csproj" />
  <Project Path="Krilla.Html.Benchmarks/Krilla.Html.Benchmarks.csproj" />
</Solution>
